
Microsoft Visual Studio Solution File, Format Version 12.00
Project("{FAE04EC0-301F-11D3-BF4B-00C04F79EFBC}") = "MVCPhoneServiceWeb", "MVCPhoneServiceWeb\MVCPhoneServiceWeb.csproj", "{5500902D-45F3-4715-A794-B97C2A9DA7B0}"
EndProject
Project("{FAE04EC0-301F-11D3-BF4B-00C04F79EFBC}") = "Data", "Data\Data.csproj", "{C5839658-BA6D-4081-9F12-7EA506DC7232}"
EndProject
Project("{FAE04EC0-301F-11D3-BF4B-00C04F79EFBC}") = "Repo", "Repo\Repo.csproj", "{EA504DA6-ED8E-4583-A248-5E27301A7446}"
EndProject
Global
	GlobalSection(SolutionConfigurationPlatforms) = preSolution
		Debug|Any CPU = Debug|Any CPU
		Release|Any CPU = Release|Any CPU
	EndGlobalSection
	GlobalSection(ProjectConfigurationPlatforms) = postSolution
		{5500902D-45F3-4715-A794-B97C2A9DA7B0}.Debug|Any CPU.ActiveCfg = Debug|Any CPU
		{5500902D-45F3-4715-A794-B97C2A9DA7B0}.Debug|Any CPU.Build.0 = Debug|Any CPU
		{5500902D-45F3-4715-A794-B97C2A9DA7B0}.Release|Any CPU.ActiveCfg = Release|Any CPU
		{5500902D-45F3-4715-A794-B97C2A9DA7B0}.Release|Any CPU.Build.0 = Release|Any CPU
		{C5839658-BA6D-4081-9F12-7EA506DC7232}.Debug|Any CPU.ActiveCfg = Debug|Any CPU
		{C5839658-BA6D-4081-9F12-7EA506DC7232}.Debug|Any CPU.Build.0 = Debug|Any CPU
		{C5839658-BA6D-4081-9F12-7EA506DC7232}.Release|Any CPU.ActiveCfg = Release|Any CPU
		{C5839658-BA6D-4081-9F12-7EA506DC7232}.Release|Any CPU.Build.0 = Release|Any CPU
		{EA504DA6-ED8E-4583-A248-5E27301A7446}.Debug|Any CPU.ActiveCfg = Debug|Any CPU
		{EA504DA6-ED8E-4583-A248-5E27301A7446}.Debug|Any CPU.Build.0 = Debug|Any CPU
		{EA504DA6-ED8E-4583-A248-5E27301A7446}.Release|Any CPU.ActiveCfg = Release|Any CPU
		{EA504DA6-ED8E-4583-A248-5E27301A7446}.Release|Any CPU.Build.0 = Release|Any CPU
	EndGlobalSection
EndGlobal
